
Microsoft Visual Studio Solution File, Format Version 12.00
# Visual Studio Version 17
VisualStudioVersion = 17.1.32328.378
MinimumVisualStudioVersion = 10.0.40219.1
Project("{FAE04EC0-301F-11D3-BF4B-00C04F79EFBC}") = "usingStorageOnAzure", "usingStorageOnAzure\usingStorageOnAzure.csproj", "{D99BC8F6-EB52-4BC5-9D7E-72E4147975CF}"
EndProject
Global
	GlobalSection(SolutionConfigurationPlatforms) = preSolution
		Debug|Any CPU = Debug|Any CPU
		Release|Any CPU = Release|Any CPU
	EndGlobalSection
	GlobalSection(ProjectConfigurationPlatforms) = postSolution
		{D99BC8F6-EB52-4BC5-9D7E-72E4147975CF}.Debug|Any CPU.ActiveCfg = Debug|Any CPU
		{D99BC8F6-EB52-4BC5-9D7E-72E4147975CF}.Debug|Any CPU.Build.0 = Debug|Any CPU
		{D99BC8F6-EB52-4BC5-9D7E-72E4147975CF}.Release|Any CPU.ActiveCfg = Release|Any CPU
		{D99BC8F6-EB52-4BC5-9D7E-72E4147975CF}.Release|Any CPU.Build.0 = Release|Any CPU
	EndGlobalSection
	GlobalSection(SolutionProperties) = preSolution
		HideSolutionNode = FALSE
	EndGlobalSection
	GlobalSection(ExtensibilityGlobals) = postSolution
		SolutionGuid = {3BD35C7F-A0F6-4EB0-A608-DAA99478FEA5}
	EndGlobalSection
EndGlobal
