
Microsoft Visual Studio Solution File, Format Version 12.00
# Visual Studio Version 17
VisualStudioVersion = 17.1.32328.378
MinimumVisualStudioVersion = 10.0.40219.1
Project("{FAE04EC0-301F-11D3-BF4B-00C04F79EFBC}") = "myProducts", "myProducts\myProducts.csproj", "{5DAF2B45-5EDB-4965-B7C8-B01D37DD62D1}"
EndProject
Global
	GlobalSection(SolutionConfigurationPlatforms) = preSolution
		Debug|Any CPU = Debug|Any CPU
		Release|Any CPU = Release|Any CPU
	EndGlobalSection
	GlobalSection(ProjectConfigurationPlatforms) = postSolution
		{5DAF2B45-5EDB-4965-B7C8-B01D37DD62D1}.Debug|Any CPU.ActiveCfg = Debug|Any CPU
		{5DAF2B45-5EDB-4965-B7C8-B01D37DD62D1}.Debug|Any CPU.Build.0 = Debug|Any CPU
		{5DAF2B45-5EDB-4965-B7C8-B01D37DD62D1}.Release|Any CPU.ActiveCfg = Release|Any CPU
		{5DAF2B45-5EDB-4965-B7C8-B01D37DD62D1}.Release|Any CPU.Build.0 = Release|Any CPU
	EndGlobalSection
	GlobalSection(SolutionProperties) = preSolution
		HideSolutionNode = FALSE
	EndGlobalSection
	GlobalSection(ExtensibilityGlobals) = postSolution
		SolutionGuid = {B5594954-A101-4335-A0A9-270F0DDDC78E}
	EndGlobalSection
EndGlobal
